
Microsoft Visual Studio Solution File, Format Version 12.00
# Visual Studio Version 16
VisualStudioVersion = 16.0.29324.140
MinimumVisualStudioVersion = 10.0.40219.1
Project("{FAE04EC0-301F-11D3-BF4B-00C04F79EFBC}") = "ConsoleChatClient", "ConsoleChatClient\ConsoleChatClient.csproj", "{A86CAA62-047B-4C94-A64D-2A9210A4E620}"
EndProject
Project("{2150E333-8FDC-42A3-9474-1A3956D46DE8}") = "Solution Items", "Solution Items", "{96E75FE6-26E5-45B7-A401-BB260C668EB4}"
	ProjectSection(SolutionItems) = preProject
		..\..\..\..\..\Grego\Desktop\Todo.txt = ..\..\..\..\..\Grego\Desktop\Todo.txt
	EndProjectSection
EndProject
Project("{FAE04EC0-301F-11D3-BF4B-00C04F79EFBC}") = "ConsoleChatServer", "ConsoleChatServer\ConsoleChatServer.csproj", "{A9A3B48B-CC89-425A-9EE0-7E11BB4D4969}"
EndProject
Global
	GlobalSection(SolutionConfigurationPlatforms) = preSolution
		Debug|Any CPU = Debug|Any CPU
		Release|Any CPU = Release|Any CPU
	EndGlobalSection
	GlobalSection(ProjectConfigurationPlatforms) = postSolution
		{A86CAA62-047B-4C94-A64D-2A9210A4E620}.Debug|Any CPU.ActiveCfg = Debug|Any CPU
		{A86CAA62-047B-4C94-A64D-2A9210A4E620}.Debug|Any CPU.Build.0 = Debug|Any CPU
		{A86CAA62-047B-4C94-A64D-2A9210A4E620}.Release|Any CPU.ActiveCfg = Release|Any CPU
		{A86CAA62-047B-4C94-A64D-2A9210A4E620}.Release|Any CPU.Build.0 = Release|Any CPU
		{A9A3B48B-CC89-425A-9EE0-7E11BB4D4969}.Debug|Any CPU.ActiveCfg = Debug|Any CPU
		{A9A3B48B-CC89-425A-9EE0-7E11BB4D4969}.Debug|Any CPU.Build.0 = Debug|Any CPU
		{A9A3B48B-CC89-425A-9EE0-7E11BB4D4969}.Release|Any CPU.ActiveCfg = Release|Any CPU
		{A9A3B48B-CC89-425A-9EE0-7E11BB4D4969}.Release|Any CPU.Build.0 = Release|Any CPU
	EndGlobalSection
	GlobalSection(SolutionProperties) = preSolution
		HideSolutionNode = FALSE
	EndGlobalSection
	GlobalSection(ExtensibilityGlobals) = postSolution
		SolutionGuid = {C7EECDC2-8622-4876-887C-2DD58B188B05}
	EndGlobalSection
EndGlobal
